// !$*UTF8*$!
{
	archiveVersion = 1;
	classes = {
	};
	objectVersion = 46;
	objects = {

/* Begin PBXBuildFile section */
		4DF43AC7147EBFB500A7D104 /* QuartzCore.framework in Frameworks */ = {isa = PBXBuildFile; fileRef = 4DF43AC6147EBFB500A7D104 /* QuartzCore.framework */; };
		F9564FC214805556000A9AA0 /* background.jpg in Resources */ = {isa = PBXBuildFile; fileRef = F9564FC014805556000A9AA0 /* background.jpg */; };
		F9564FC314805556000A9AA0 /* nophoto.jpg in Resources */ = {isa = PBXBuildFile; fileRef = F9564FC114805556000A9AA0 /* nophoto.jpg */; };
		F9564FDE1480559A000A9AA0 /* Facebook.m in Sources */ = {isa = PBXBuildFile; fileRef = F9564FC41480559A000A9AA0 /* Facebook.m */; };
		F9564FDF1480559A000A9AA0 /* FBRequest.m in Sources */ = {isa = PBXBuildFile; fileRef = F9564FC61480559A000A9AA0 /* FBRequest.m */; };
		F9564FE01480559A000A9AA0 /* NSObject+SBJSON.m in Sources */ = {isa = PBXBuildFile; fileRef = F9564FCA1480559A000A9AA0 /* NSObject+SBJSON.m */; };
		F9564FE11480559A000A9AA0 /* NSString+SBJSON.m in Sources */ = {isa = PBXBuildFile; fileRef = F9564FCC1480559A000A9AA0 /* NSString+SBJSON.m */; };
		F9564FE21480559A000A9AA0 /* SBJSON.m in Sources */ = {isa = PBXBuildFile; fileRef = F9564FCE1480559A000A9AA0 /* SBJSON.m */; };
		F9564FE31480559A000A9AA0 /* SBJsonBase.m in Sources */ = {isa = PBXBuildFile; fileRef = F9564FD01480559A000A9AA0 /* SBJsonBase.m */; };
		F9564FE41480559A000A9AA0 /* SBJsonParser.m in Sources */ = {isa = PBXBuildFile; fileRef = F9564FD21480559A000A9AA0 /* SBJsonParser.m */; };
		F9564FE51480559A000A9AA0 /* SBJsonWriter.m in Sources */ = {isa = PBXBuildFile; fileRef = F9564FD41480559A000A9AA0 /* SBJsonWriter.m */; };
		F9564FE61480559A000A9AA0 /* FBDialog.bundle in Resources */ = {isa = PBXBuildFile; fileRef = F9564FD61480559A000A9AA0 /* FBDialog.bundle */; };
		F9564FE71480559A000A9AA0 /* FBDialog.m in Sources */ = {isa = PBXBuildFile; fileRef = F9564FD81480559A000A9AA0 /* FBDialog.m */; };
		F9564FE81480559A000A9AA0 /* FBLoginDialog.m in Sources */ = {isa = PBXBuildFile; fileRef = F9564FDA1480559A000A9AA0 /* FBLoginDialog.m */; };
		F95F26DE147DCE8600715CC8 /* UIKit.framework in Frameworks */ = {isa = PBXBuildFile; fileRef = F95F26DD147DCE8500715CC8 /* UIKit.framework */; };
		F95F26E0147DCE8600715CC8 /* Foundation.framework in Frameworks */ = {isa = PBXBuildFile; fileRef = F95F26DF147DCE8600715CC8 /* Foundation.framework */; };
		F95F26E2147DCE8600715CC8 /* CoreGraphics.framework in Frameworks */ = {isa = PBXBuildFile; fileRef = F95F26E1147DCE8600715CC8 /* CoreGraphics.framework */; };
		F95F26E8147DCE8600715CC8 /* InfoPlist.strings in Resources */ = {isa = PBXBuildFile; fileRef = F95F26E6147DCE8600715CC8 /* InfoPlist.strings */; };
		F95F26EA147DCE8600715CC8 /* main.m in Sources */ = {isa = PBXBuildFile; fileRef = F95F26E9147DCE8600715CC8 /* main.m */; };
		F95F26EE147DCE8600715CC8 /* AppDelegate.m in Sources */ = {isa = PBXBuildFile; fileRef = F95F26ED147DCE8600715CC8 /* AppDelegate.m */; };
		F95F26F1147DCE8600715CC8 /* ViewController.m in Sources */ = {isa = PBXBuildFile; fileRef = F95F26F0147DCE8600715CC8 /* ViewController.m */; };
		F95F26F4147DCE8600715CC8 /* ViewController.xib in Resources */ = {isa = PBXBuildFile; fileRef = F95F26F2147DCE8600715CC8 /* ViewController.xib */; };
		F95F26FC147DCF1900715CC8 /* SCFacebook.m in Sources */ = {isa = PBXBuildFile; fileRef = F95F26FB147DCF1900715CC8 /* SCFacebook.m */; };
		F9694EA114805E7E000B8A59 /* FriendsViewControler.m in Sources */ = {isa = PBXBuildFile; fileRef = F9694E9F14805E7E000B8A59 /* FriendsViewControler.m */; };
		F9694EA214805E7E000B8A59 /* FriendsViewControler.xib in Resources */ = {isa = PBXBuildFile; fileRef = F9694EA014805E7E000B8A59 /* FriendsViewControler.xib */; };
		F9694EB1148070FE000B8A59 /* EGOCache.m in Sources */ = {isa = PBXBuildFile; fileRef = F9694EA8148070FE000B8A59 /* EGOCache.m */; };
		F9694EB2148070FE000B8A59 /* EGOImageLoadConnection.m in Sources */ = {isa = PBXBuildFile; fileRef = F9694EAB148070FE000B8A59 /* EGOImageLoadConnection.m */; };
		F9694EB3148070FE000B8A59 /* EGOImageLoader.m in Sources */ = {isa = PBXBuildFile; fileRef = F9694EAD148070FE000B8A59 /* EGOImageLoader.m */; };
		F9694EB4148070FE000B8A59 /* EGOImageView.m in Sources */ = {isa = PBXBuildFile; fileRef = F9694EB0148070FE000B8A59 /* EGOImageView.m */; };
		F9694EB8148073CC000B8A59 /* FriendCell.m in Sources */ = {isa = PBXBuildFile; fileRef = F9694EB7148073CC000B8A59 /* FriendCell.m */; };
		F9694EBA148073DE000B8A59 /* FriendCell.xib in Resources */ = {isa = PBXBuildFile; fileRef = F9694EB9148073DE000B8A59 /* FriendCell.xib */; };
		F9694EC214808F21000B8A59 /* backgroundButton.png in Resources */ = {isa = PBXBuildFile; fileRef = F9694EC014808F21000B8A59 /* backgroundButton.png */; };
		F9694EC314808F21000B8A59 /* backgroundNavigation.png in Resources */ = {isa = PBXBuildFile; fileRef = F9694EC114808F21000B8A59 /* backgroundNavigation.png */; };
		F9A4E33514812E1000596AC5 /* icon@2x.png in Resources */ = {isa = PBXBuildFile; fileRef = F9A4E33414812E1000596AC5 /* icon@2x.png */; };
		F9A4E33714812E1500596AC5 /* icon.png in Resources */ = {isa = PBXBuildFile; fileRef = F9A4E33614812E1500596AC5 /* icon.png */; };
/* End PBXBuildFile section */

/* Begin PBXFileReference section */
		4DF43AC6147EBFB500A7D104 /* QuartzCore.framework */ = {isa = PBXFileReference; lastKnownFileType = wrapper.framework; name = QuartzCore.framework; path = System/Library/Frameworks/QuartzCore.framework; sourceTree = SDKROOT; };
		F9564FC014805556000A9AA0 /* background.jpg */ = {isa = PBXFileReference; lastKnownFileType = image.jpeg; name = background.jpg; path = images/background.jpg; sourceTree = "<group>"; };
		F9564FC114805556000A9AA0 /* nophoto.jpg */ = {isa = PBXFileReference; lastKnownFileType = image.jpeg; name = nophoto.jpg; path = images/nophoto.jpg; sourceTree = "<group>"; };
		F9564FC41480559A000A9AA0 /* Facebook.m */ = {isa = PBXFileReference; fileEncoding = 4; lastKnownFileType = sourcecode.c.objc; name = Facebook.m; path = Facebook/Facebook.m; sourceTree = "<group>"; };
		F9564FC51480559A000A9AA0 /* Facebook.h */ = {isa = PBXFileReference; fileEncoding = 4; lastKnownFileType = sourcecode.c.h; name = Facebook.h; path = Facebook/Facebook.h; sourceTree = "<group>"; };
		F9564FC61480559A000A9AA0 /* FBRequest.m */ = {isa = PBXFileReference; fileEncoding = 4; lastKnownFileType = sourcecode.c.objc; name = FBRequest.m; path = Facebook/FBRequest.m; sourceTree = "<group>"; };
		F9564FC81480559A000A9AA0 /* JSON.h */ = {isa = PBXFileReference; fileEncoding = 4; lastKnownFileType = sourcecode.c.h; path = JSON.h; sourceTree = "<group>"; };
		F9564FC91480559A000A9AA0 /* NSObject+SBJSON.h */ = {isa = PBXFileReference; fileEncoding = 4; lastKnownFileType = sourcecode.c.h; path = "NSObject+SBJSON.h"; sourceTree = "<group>"; };
		F9564FCA1480559A000A9AA0 /* NSObject+SBJSON.m */ = {isa = PBXFileReference; fileEncoding = 4; lastKnownFileType = sourcecode.c.objc; path = "NSObject+SBJSON.m"; sourceTree = "<group>"; };
		F9564FCB1480559A000A9AA0 /* NSString+SBJSON.h */ = {isa = PBXFileReference; fileEncoding = 4; lastKnownFileType = sourcecode.c.h; path = "NSString+SBJSON.h"; sourceTree = "<group>"; };
		F9564FCC1480559A000A9AA0 /* NSString+SBJSON.m */ = {isa = PBXFileReference; fileEncoding = 4; lastKnownFileType = sourcecode.c.objc; path = "NSString+SBJSON.m"; sourceTree = "<group>"; };
		F9564FCD1480559A000A9AA0 /* SBJSON.h */ = {isa = PBXFileReference; fileEncoding = 4; lastKnownFileType = sourcecode.c.h; path = SBJSON.h; sourceTree = "<group>"; };
		F9564FCE1480559A000A9AA0 /* SBJSON.m */ = {isa = PBXFileReference; fileEncoding = 4; lastKnownFileType = sourcecode.c.objc; path = SBJSON.m; sourceTree = "<group>"; };
		F9564FCF1480559A000A9AA0 /* SBJsonBase.h */ = {isa = PBXFileReference; fileEncoding = 4; lastKnownFileType = sourcecode.c.h; path = SBJsonBase.h; sourceTree = "<group>"; };
		F9564FD01480559A000A9AA0 /* SBJsonBase.m */ = {isa = PBXFileReference; fileEncoding = 4; lastKnownFileType = sourcecode.c.objc; path = SBJsonBase.m; sourceTree = "<group>"; };
		F9564FD11480559A000A9AA0 /* SBJsonParser.h */ = {isa = PBXFileReference; fileEncoding = 4; lastKnownFileType = sourcecode.c.h; path = SBJsonParser.h; sourceTree = "<group>"; };
		F9564FD21480559A000A9AA0 /* SBJsonParser.m */ = {isa = PBXFileReference; fileEncoding = 4; lastKnownFileType = sourcecode.c.objc; path = SBJsonParser.m; sourceTree = "<group>"; };
		F9564FD31480559A000A9AA0 /* SBJsonWriter.h */ = {isa = PBXFileReference; fileEncoding = 4; lastKnownFileType = sourcecode.c.h; path = SBJsonWriter.h; sourceTree = "<group>"; };
		F9564FD41480559A000A9AA0 /* SBJsonWriter.m */ = {isa = PBXFileReference; fileEncoding = 4; lastKnownFileType = sourcecode.c.objc; path = SBJsonWriter.m; sourceTree = "<group>"; };
		F9564FD51480559A000A9AA0 /* FBConnect.h */ = {isa = PBXFileReference; fileEncoding = 4; lastKnownFileType = sourcecode.c.h; name = FBConnect.h; path = Facebook/FBConnect.h; sourceTree = "<group>"; };
		F9564FD61480559A000A9AA0 /* FBDialog.bundle */ = {isa = PBXFileReference; lastKnownFileType = "wrapper.plug-in"; name = FBDialog.bundle; path = Facebook/FBDialog.bundle; sourceTree = "<group>"; };
		F9564FD71480559A000A9AA0 /* FBDialog.h */ = {isa = PBXFileReference; fileEncoding = 4; lastKnownFileType = sourcecode.c.h; name = FBDialog.h; path = Facebook/FBDialog.h; sourceTree = "<group>"; };
		F9564FD81480559A000A9AA0 /* FBDialog.m */ = {isa = PBXFileReference; fileEncoding = 4; lastKnownFileType = sourcecode.c.objc; name = FBDialog.m; path = Facebook/FBDialog.m; sourceTree = "<group>"; };
		F9564FD91480559A000A9AA0 /* FBLoginDialog.h */ = {isa = PBXFileReference; fileEncoding = 4; lastKnownFileType = sourcecode.c.h; name = FBLoginDialog.h; path = Facebook/FBLoginDialog.h; sourceTree = "<group>"; };
		F9564FDA1480559A000A9AA0 /* FBLoginDialog.m */ = {isa = PBXFileReference; fileEncoding = 4; lastKnownFileType = sourcecode.c.objc; name = FBLoginDialog.m; path = Facebook/FBLoginDialog.m; sourceTree = "<group>"; };
		F9564FDB1480559A000A9AA0 /* FBRequest.h */ = {isa = PBXFileReference; fileEncoding = 4; lastKnownFileType = sourcecode.c.h; name = FBRequest.h; path = Facebook/FBRequest.h; sourceTree = "<group>"; };
		F95F26D9147DCE8500715CC8 /* SCFacebook.app */ = {isa = PBXFileReference; explicitFileType = wrapper.application; includeInIndex = 0; path = SCFacebook.app; sourceTree = BUILT_PRODUCTS_DIR; };
		F95F26DD147DCE8500715CC8 /* UIKit.framework */ = {isa = PBXFileReference; lastKnownFileType = wrapper.framework; name = UIKit.framework; path = System/Library/Frameworks/UIKit.framework; sourceTree = SDKROOT; };
		F95F26DF147DCE8600715CC8 /* Foundation.framework */ = {isa = PBXFileReference; lastKnownFileType = wrapper.framework; name = Foundation.framework; path = System/Library/Frameworks/Foundation.framework; sourceTree = SDKROOT; };
		F95F26E1147DCE8600715CC8 /* CoreGraphics.framework */ = {isa = PBXFileReference; lastKnownFileType = wrapper.framework; name = CoreGraphics.framework; path = System/Library/Frameworks/CoreGraphics.framework; sourceTree = SDKROOT; };
		F95F26E5147DCE8600715CC8 /* SCFacebook-Info.plist */ = {isa = PBXFileReference; lastKnownFileType = text.plist.xml; path = "SCFacebook-Info.plist"; sourceTree = "<group>"; };
		F95F26E7147DCE8600715CC8 /* en */ = {isa = PBXFileReference; lastKnownFileType = text.plist.strings; name = en; path = en.lproj/InfoPlist.strings; sourceTree = "<group>"; };
		F95F26E9147DCE8600715CC8 /* main.m */ = {isa = PBXFileReference; lastKnownFileType = sourcecode.c.objc; path = main.m; sourceTree = "<group>"; };
		F95F26EB147DCE8600715CC8 /* SCFacebook-Prefix.pch */ = {isa = PBXFileReference; lastKnownFileType = sourcecode.c.h; path = "SCFacebook-Prefix.pch"; sourceTree = "<group>"; };
		F95F26EC147DCE8600715CC8 /* AppDelegate.h */ = {isa = PBXFileReference; lastKnownFileType = sourcecode.c.h; path = AppDelegate.h; sourceTree = "<group>"; };
		F95F26ED147DCE8600715CC8 /* AppDelegate.m */ = {isa = PBXFileReference; lastKnownFileType = sourcecode.c.objc; path = AppDelegate.m; sourceTree = "<group>"; };
		F95F26EF147DCE8600715CC8 /* ViewController.h */ = {isa = PBXFileReference; lastKnownFileType = sourcecode.c.h; path = ViewController.h; sourceTree = "<group>"; };
		F95F26F0147DCE8600715CC8 /* ViewController.m */ = {isa = PBXFileReference; lastKnownFileType = sourcecode.c.objc; path = ViewController.m; sourceTree = "<group>"; };
		F95F26F3147DCE8600715CC8 /* en */ = {isa = PBXFileReference; lastKnownFileType = file.xib; name = en; path = en.lproj/ViewController.xib; sourceTree = "<group>"; };
		F95F26FA147DCF1800715CC8 /* SCFacebook.h */ = {isa = PBXFileReference; fileEncoding = 4; lastKnownFileType = sourcecode.c.h; path = SCFacebook.h; sourceTree = "<group>"; };
		F95F26FB147DCF1900715CC8 /* SCFacebook.m */ = {isa = PBXFileReference; fileEncoding = 4; lastKnownFileType = sourcecode.c.objc; path = SCFacebook.m; sourceTree = "<group>"; };
		F9694E9E14805E7E000B8A59 /* FriendsViewControler.h */ = {isa = PBXFileReference; fileEncoding = 4; lastKnownFileType = sourcecode.c.h; path = FriendsViewControler.h; sourceTree = "<group>"; };
		F9694E9F14805E7E000B8A59 /* FriendsViewControler.m */ = {isa = PBXFileReference; fileEncoding = 4; lastKnownFileType = sourcecode.c.objc; path = FriendsViewControler.m; sourceTree = "<group>"; };
		F9694EA014805E7E000B8A59 /* FriendsViewControler.xib */ = {isa = PBXFileReference; fileEncoding = 4; lastKnownFileType = file.xib; path = FriendsViewControler.xib; sourceTree = "<group>"; };
		F9694EA7148070FE000B8A59 /* EGOCache.h */ = {isa = PBXFileReference; fileEncoding = 4; lastKnownFileType = sourcecode.c.h; path = EGOCache.h; sourceTree = "<group>"; };
		F9694EA8148070FE000B8A59 /* EGOCache.m */ = {isa = PBXFileReference; fileEncoding = 4; lastKnownFileType = sourcecode.c.objc; path = EGOCache.m; sourceTree = "<group>"; };
		F9694EAA148070FE000B8A59 /* EGOImageLoadConnection.h */ = {isa = PBXFileReference; fileEncoding = 4; lastKnownFileType = sourcecode.c.h; path = EGOImageLoadConnection.h; sourceTree = "<group>"; };
		F9694EAB148070FE000B8A59 /* EGOImageLoadConnection.m */ = {isa = PBXFileReference; fileEncoding = 4; lastKnownFileType = sourcecode.c.objc; path = EGOImageLoadConnection.m; sourceTree = "<group>"; };
		F9694EAC148070FE000B8A59 /* EGOImageLoader.h */ = {isa = PBXFileReference; fileEncoding = 4; lastKnownFileType = sourcecode.c.h; path = EGOImageLoader.h; sourceTree = "<group>"; };
		F9694EAD148070FE000B8A59 /* EGOImageLoader.m */ = {isa = PBXFileReference; fileEncoding = 4; lastKnownFileType = sourcecode.c.objc; path = EGOImageLoader.m; sourceTree = "<group>"; };
		F9694EAF148070FE000B8A59 /* EGOImageView.h */ = {isa = PBXFileReference; fileEncoding = 4; lastKnownFileType = sourcecode.c.h; path = EGOImageView.h; sourceTree = "<group>"; };
		F9694EB0148070FE000B8A59 /* EGOImageView.m */ = {isa = PBXFileReference; fileEncoding = 4; lastKnownFileType = sourcecode.c.objc; path = EGOImageView.m; sourceTree = "<group>"; };
		F9694EB6148073CC000B8A59 /* FriendCell.h */ = {isa = PBXFileReference; fileEncoding = 4; lastKnownFileType = sourcecode.c.h; path = FriendCell.h; sourceTree = "<group>"; };
		F9694EB7148073CC000B8A59 /* FriendCell.m */ = {isa = PBXFileReference; fileEncoding = 4; lastKnownFileType = sourcecode.c.objc; path = FriendCell.m; sourceTree = "<group>"; };
		F9694EB9148073DE000B8A59 /* FriendCell.xib */ = {isa = PBXFileReference; fileEncoding = 4; lastKnownFileType = file.xib; path = FriendCell.xib; sourceTree = "<group>"; };
		F9694EC014808F21000B8A59 /* backgroundButton.png */ = {isa = PBXFileReference; lastKnownFileType = image.png; name = backgroundButton.png; path = images/backgroundButton.png; sourceTree = "<group>"; };
		F9694EC114808F21000B8A59 /* backgroundNavigation.png */ = {isa = PBXFileReference; lastKnownFileType = image.png; name = backgroundNavigation.png; path = images/backgroundNavigation.png; sourceTree = "<group>"; };
		F9A4E33414812E1000596AC5 /* icon@2x.png */ = {isa = PBXFileReference; lastKnownFileType = image.png; path = "icon@2x.png"; sourceTree = "<group>"; };
		F9A4E33614812E1500596AC5 /* icon.png */ = {isa = PBXFileReference; lastKnownFileType = image.png; path = icon.png; sourceTree = "<group>"; };
/* End PBXFileReference section */

/* Begin PBXFrameworksBuildPhase section */
		F95F26D6147DCE8500715CC8 /* Frameworks */ = {
			isa = PBXFrameworksBuildPhase;
			buildActionMask = 2147483647;
			files = (
				4DF43AC7147EBFB500A7D104 /* QuartzCore.framework in Frameworks */,
				F95F26DE147DCE8600715CC8 /* UIKit.framework in Frameworks */,
				F95F26E0147DCE8600715CC8 /* Foundation.framework in Frameworks */,
				F95F26E2147DCE8600715CC8 /* CoreGraphics.framework in Frameworks */,
			);
			runOnlyForDeploymentPostprocessing = 0;
		};
/* End PBXFrameworksBuildPhase section */

/* Begin PBXGroup section */
		F9564FBF148053CA000A9AA0 /* images */ = {
			isa = PBXGroup;
			children = (
				F9564FC014805556000A9AA0 /* background.jpg */,
				F9694EC014808F21000B8A59 /* backgroundButton.png */,
				F9694EC114808F21000B8A59 /* backgroundNavigation.png */,
				F9564FC114805556000A9AA0 /* nophoto.jpg */,
			);
			name = images;
			sourceTree = "<group>";
		};
		F9564FC71480559A000A9AA0 /* JSON */ = {
			isa = PBXGroup;
			children = (
				F9564FC81480559A000A9AA0 /* JSON.h */,
				F9564FC91480559A000A9AA0 /* NSObject+SBJSON.h */,
				F9564FCA1480559A000A9AA0 /* NSObject+SBJSON.m */,
				F9564FCB1480559A000A9AA0 /* NSString+SBJSON.h */,
				F9564FCC1480559A000A9AA0 /* NSString+SBJSON.m */,
				F9564FCD1480559A000A9AA0 /* SBJSON.h */,
				F9564FCE1480559A000A9AA0 /* SBJSON.m */,
				F9564FCF1480559A000A9AA0 /* SBJsonBase.h */,
				F9564FD01480559A000A9AA0 /* SBJsonBase.m */,
				F9564FD11480559A000A9AA0 /* SBJsonParser.h */,
				F9564FD21480559A000A9AA0 /* SBJsonParser.m */,
				F9564FD31480559A000A9AA0 /* SBJsonWriter.h */,
				F9564FD41480559A000A9AA0 /* SBJsonWriter.m */,
			);
			name = JSON;
			path = Facebook/JSON;
			sourceTree = "<group>";
		};
		F9564FEA1480561E000A9AA0 /* Classes */ = {
			isa = PBXGroup;
			children = (
				F9694EA6148070FD000B8A59 /* EGOCache */,
				F9694EA9148070FE000B8A59 /* EGOImageLoader */,
				F9694EAE148070FE000B8A59 /* EGOImageView */,
				F95F26EC147DCE8600715CC8 /* AppDelegate.h */,
				F95F26ED147DCE8600715CC8 /* AppDelegate.m */,
				F95F26EF147DCE8600715CC8 /* ViewController.h */,
				F95F26F0147DCE8600715CC8 /* ViewController.m */,
				F95F26F2147DCE8600715CC8 /* ViewController.xib */,
				F9694EB5148073B3000B8A59 /* Friend */,
			);
			name = Classes;
			sourceTree = "<group>";
		};
		F95F26CE147DCE8500715CC8 = {
			isa = PBXGroup;
			children = (
				F9A4E33614812E1500596AC5 /* icon.png */,
				F9A4E33414812E1000596AC5 /* icon@2x.png */,
				F95F26E3147DCE8600715CC8 /* SCFacebook */,
				F95F26DC147DCE8500715CC8 /* Frameworks */,
				F95F26DA147DCE8500715CC8 /* Products */,
			);
			sourceTree = "<group>";
		};
		F95F26DA147DCE8500715CC8 /* Products */ = {
			isa = PBXGroup;
			children = (
				F95F26D9147DCE8500715CC8 /* SCFacebook.app */,
			);
			name = Products;
			sourceTree = "<group>";
		};
		F95F26DC147DCE8500715CC8 /* Frameworks */ = {
			isa = PBXGroup;
			children = (
				4DF43AC6147EBFB500A7D104 /* QuartzCore.framework */,
				F95F26DD147DCE8500715CC8 /* UIKit.framework */,
				F95F26DF147DCE8600715CC8 /* Foundation.framework */,
				F95F26E1147DCE8600715CC8 /* CoreGraphics.framework */,
			);
			name = Frameworks;
			sourceTree = "<group>";
		};
		F95F26E3147DCE8600715CC8 /* SCFacebook */ = {
			isa = PBXGroup;
			children = (
				F95F26FA147DCF1800715CC8 /* SCFacebook.h */,
				F95F26FB147DCF1900715CC8 /* SCFacebook.m */,
				F95F2728147DD48A00715CC8 /* Facebook */,
				F9564FEA1480561E000A9AA0 /* Classes */,
				F95F26E4147DCE8600715CC8 /* Supporting Files */,
			);
			path = SCFacebook;
			sourceTree = "<group>";
		};
		F95F26E4147DCE8600715CC8 /* Supporting Files */ = {
			isa = PBXGroup;
			children = (
				F9564FBF148053CA000A9AA0 /* images */,
				F95F26E5147DCE8600715CC8 /* SCFacebook-Info.plist */,
				F95F26E6147DCE8600715CC8 /* InfoPlist.strings */,
				F95F26E9147DCE8600715CC8 /* main.m */,
				F95F26EB147DCE8600715CC8 /* SCFacebook-Prefix.pch */,
			);
			name = "Supporting Files";
			sourceTree = "<group>";
		};
		F95F2728147DD48A00715CC8 /* Facebook */ = {
			isa = PBXGroup;
			children = (
				F9564FC41480559A000A9AA0 /* Facebook.m */,
				F9564FC51480559A000A9AA0 /* Facebook.h */,
				F9564FC61480559A000A9AA0 /* FBRequest.m */,
				F9564FC71480559A000A9AA0 /* JSON */,
				F9564FD51480559A000A9AA0 /* FBConnect.h */,
				F9564FD61480559A000A9AA0 /* FBDialog.bundle */,
				F9564FD71480559A000A9AA0 /* FBDialog.h */,
				F9564FD81480559A000A9AA0 /* FBDialog.m */,
				F9564FD91480559A000A9AA0 /* FBLoginDialog.h */,
				F9564FDA1480559A000A9AA0 /* FBLoginDialog.m */,
				F9564FDB1480559A000A9AA0 /* FBRequest.h */,
			);
			name = Facebook;
			sourceTree = "<group>";
		};
		F9694EA6148070FD000B8A59 /* EGOCache */ = {
			isa = PBXGroup;
			children = (
				F9694EA7148070FE000B8A59 /* EGOCache.h */,
				F9694EA8148070FE000B8A59 /* EGOCache.m */,
			);
			path = EGOCache;
			sourceTree = "<group>";
		};
		F9694EA9148070FE000B8A59 /* EGOImageLoader */ = {
			isa = PBXGroup;
			children = (
				F9694EAA148070FE000B8A59 /* EGOImageLoadConnection.h */,
				F9694EAB148070FE000B8A59 /* EGOImageLoadConnection.m */,
				F9694EAC148070FE000B8A59 /* EGOImageLoader.h */,
				F9694EAD148070FE000B8A59 /* EGOImageLoader.m */,
			);
			path = EGOImageLoader;
			sourceTree = "<group>";
		};
		F9694EAE148070FE000B8A59 /* EGOImageView */ = {
			isa = PBXGroup;
			children = (
				F9694EAF148070FE000B8A59 /* EGOImageView.h */,
				F9694EB0148070FE000B8A59 /* EGOImageView.m */,
			);
			path = EGOImageView;
			sourceTree = "<group>";
		};
		F9694EB5148073B3000B8A59 /* Friend */ = {
			isa = PBXGroup;
			children = (
				F9694EBB148073E3000B8A59 /* FriendCell */,
				F9694E9E14805E7E000B8A59 /* FriendsViewControler.h */,
				F9694E9F14805E7E000B8A59 /* FriendsViewControler.m */,
				F9694EA014805E7E000B8A59 /* FriendsViewControler.xib */,
			);
			name = Friend;
			sourceTree = "<group>";
		};
		F9694EBB148073E3000B8A59 /* FriendCell */ = {
			isa = PBXGroup;
			children = (
				F9694EB6148073CC000B8A59 /* FriendCell.h */,
				F9694EB7148073CC000B8A59 /* FriendCell.m */,
				F9694EB9148073DE000B8A59 /* FriendCell.xib */,
			);
			name = FriendCell;
			sourceTree = "<group>";
		};
/* End PBXGroup section */

/* Begin PBXNativeTarget section */
		F95F26D8147DCE8500715CC8 /* SCFacebook */ = {
			isa = PBXNativeTarget;
			buildConfigurationList = F95F26F7147DCE8600715CC8 /* Build configuration list for PBXNativeTarget "SCFacebook" */;
			buildPhases = (
				F95F26D5147DCE8500715CC8 /* Sources */,
				F95F26D6147DCE8500715CC8 /* Frameworks */,
				F95F26D7147DCE8500715CC8 /* Resources */,
			);
			buildRules = (
			);
			dependencies = (
			);
			name = SCFacebook;
			productName = SCFacebook;
			productReference = F95F26D9147DCE8500715CC8 /* SCFacebook.app */;
			productType = "com.apple.product-type.application";
		};
/* End PBXNativeTarget section */

/* Begin PBXProject section */
		F95F26D0147DCE8500715CC8 /* Project object */ = {
			isa = PBXProject;
			attributes = {
				LastUpgradeCheck = 0420;
				ORGANIZATIONNAME = "SiriusCode Solutions";
			};
			buildConfigurationList = F95F26D3147DCE8500715CC8 /* Build configuration list for PBXProject "SCFacebook" */;
			compatibilityVersion = "Xcode 3.2";
			developmentRegion = English;
			hasScannedForEncodings = 0;
			knownRegions = (
				en,
			);
			mainGroup = F95F26CE147DCE8500715CC8;
			productRefGroup = F95F26DA147DCE8500715CC8 /* Products */;
			projectDirPath = "";
			projectRoot = "";
			targets = (
				F95F26D8147DCE8500715CC8 /* SCFacebook */,
			);
		};
/* End PBXProject section */

/* Begin PBXResourcesBuildPhase section */
		F95F26D7147DCE8500715CC8 /* Resources */ = {
			isa = PBXResourcesBuildPhase;
			buildActionMask = 2147483647;
			files = (
				F95F26E8147DCE8600715CC8 /* InfoPlist.strings in Resources */,
				F95F26F4147DCE8600715CC8 /* ViewController.xib in Resources */,
				F9564FC214805556000A9AA0 /* background.jpg in Resources */,
				F9564FC314805556000A9AA0 /* nophoto.jpg in Resources */,
				F9564FE61480559A000A9AA0 /* FBDialog.bundle in Resources */,
				F9694EA214805E7E000B8A59 /* FriendsViewControler.xib in Resources */,
				F9694EBA148073DE000B8A59 /* FriendCell.xib in Resources */,
				F9694EC214808F21000B8A59 /* backgroundButton.png in Resources */,
				F9694EC314808F21000B8A59 /* backgroundNavigation.png in Resources */,
				F9A4E33514812E1000596AC5 /* icon@2x.png in Resources */,
				F9A4E33714812E1500596AC5 /* icon.png in Resources */,
			);
			runOnlyForDeploymentPostprocessing = 0;
		};
/* End PBXResourcesBuildPhase section */

/* Begin PBXSourcesBuildPhase section */
		F95F26D5147DCE8500715CC8 /* Sources */ = {
			isa = PBXSourcesBuildPhase;
			buildActionMask = 2147483647;
			files = (
				F95F26EA147DCE8600715CC8 /* main.m in Sources */,
				F95F26EE147DCE8600715CC8 /* AppDelegate.m in Sources */,
				F95F26F1147DCE8600715CC8 /* ViewController.m in Sources */,
				F95F26FC147DCF1900715CC8 /* SCFacebook.m in Sources */,
				F9564FDE1480559A000A9AA0 /* Facebook.m in Sources */,
				F9564FDF1480559A000A9AA0 /* FBRequest.m in Sources */,
				F9564FE01480559A000A9AA0 /* NSObject+SBJSON.m in Sources */,
				F9564FE11480559A000A9AA0 /* NSString+SBJSON.m in Sources */,
				F9564FE21480559A000A9AA0 /* SBJSON.m in Sources */,
				F9564FE31480559A000A9AA0 /* SBJsonBase.m in Sources */,
				F9564FE41480559A000A9AA0 /* SBJsonParser.m in Sources */,
				F9564FE51480559A000A9AA0 /* SBJsonWriter.m in Sources */,
				F9564FE71480559A000A9AA0 /* FBDialog.m in Sources */,
				F9564FE81480559A000A9AA0 /* FBLoginDialog.m in Sources */,
				F9694EA114805E7E000B8A59 /* FriendsViewControler.m in Sources */,
				F9694EB1148070FE000B8A59 /* EGOCache.m in Sources */,
				F9694EB2148070FE000B8A59 /* EGOImageLoadConnection.m in Sources */,
				F9694EB3148070FE000B8A59 /* EGOImageLoader.m in Sources */,
				F9694EB4148070FE000B8A59 /* EGOImageView.m in Sources */,
				F9694EB8148073CC000B8A59 /* FriendCell.m in Sources */,
			);
			runOnlyForDeploymentPostprocessing = 0;
		};
/* End PBXSourcesBuildPhase section */

/* Begin PBXVariantGroup section */
		F95F26E6147DCE8600715CC8 /* InfoPlist.strings */ = {
			isa = PBXVariantGroup;
			children = (
				F95F26E7147DCE8600715CC8 /* en */,
			);
			name = InfoPlist.strings;
			sourceTree = "<group>";
		};
		F95F26F2147DCE8600715CC8 /* ViewController.xib */ = {
			isa = PBXVariantGroup;
			children = (
				F95F26F3147DCE8600715CC8 /* en */,
			);
			name = ViewController.xib;
			sourceTree = "<group>";
		};
/* End PBXVariantGroup section */

/* Begin XCBuildConfiguration section */
		F95F26F5147DCE8600715CC8 /* Debug */ = {
			isa = XCBuildConfiguration;
			buildSettings = {
				ALWAYS_SEARCH_USER_PATHS = NO;
				ARCHS = "$(ARCHS_STANDARD_32_BIT)";
				"CODE_SIGN_IDENTITY[sdk=iphoneos*]" = "iPhone Developer";
				COPY_PHASE_STRIP = NO;
				GCC_C_LANGUAGE_STANDARD = gnu99;
				GCC_DYNAMIC_NO_PIC = NO;
				GCC_OPTIMIZATION_LEVEL = 0;
				GCC_PREPROCESSOR_DEFINITIONS = (
					"DEBUG=1",
					"$(inherited)",
				);
				GCC_SYMBOLS_PRIVATE_EXTERN = NO;
				GCC_VERSION = com.apple.compilers.llvm.clang.1_0;
				GCC_WARN_ABOUT_MISSING_PROTOTYPES = YES;
				GCC_WARN_ABOUT_RETURN_TYPE = YES;
				GCC_WARN_UNUSED_VARIABLE = YES;
				IPHONEOS_DEPLOYMENT_TARGET = 5.0;
				SDKROOT = iphoneos;
			};
			name = Debug;
		};
		F95F26F6147DCE8600715CC8 /* Release */ = {
			isa = XCBuildConfiguration;
			buildSettings = {
				ALWAYS_SEARCH_USER_PATHS = NO;
				ARCHS = "$(ARCHS_STANDARD_32_BIT)";
				"CODE_SIGN_IDENTITY[sdk=iphoneos*]" = "iPhone Developer";
				COPY_PHASE_STRIP = YES;
				GCC_C_LANGUAGE_STANDARD = gnu99;
				GCC_VERSION = com.apple.compilers.llvm.clang.1_0;
				GCC_WARN_ABOUT_MISSING_PROTOTYPES = YES;
				GCC_WARN_ABOUT_RETURN_TYPE = YES;
				GCC_WARN_UNUSED_VARIABLE = YES;
				IPHONEOS_DEPLOYMENT_TARGET = 5.0;
				OTHER_CFLAGS = "-DNS_BLOCK_ASSERTIONS=1";
				SDKROOT = iphoneos;
				VALIDATE_PRODUCT = YES;
			};
			name = Release;
		};
		F95F26F8147DCE8600715CC8 /* Debug */ = {
			isa = XCBuildConfiguration;
			buildSettings = {
				GCC_PRECOMPILE_PREFIX_HEADER = YES;
				GCC_PREFIX_HEADER = "SCFacebook/SCFacebook-Prefix.pch";
				INFOPLIST_FILE = "SCFacebook/SCFacebook-Info.plist";
				PRODUCT_NAME = "$(TARGET_NAME)";
				WRAPPER_EXTENSION = app;
			};
			name = Debug;
		};
		F95F26F9147DCE8600715CC8 /* Release */ = {
			isa = XCBuildConfiguration;
			buildSettings = {
				GCC_PRECOMPILE_PREFIX_HEADER = YES;
				GCC_PREFIX_HEADER = "SCFacebook/SCFacebook-Prefix.pch";
				INFOPLIST_FILE = "SCFacebook/SCFacebook-Info.plist";
				PRODUCT_NAME = "$(TARGET_NAME)";
				WRAPPER_EXTENSION = app;
			};
			name = Release;
		};
/* End XCBuildConfiguration section */

/* Begin XCConfigurationList section */
		F95F26D3147DCE8500715CC8 /* Build configuration list for PBXProject "SCFacebook" */ = {
			isa = XCConfigurationList;
			buildConfigurations = (
				F95F26F5147DCE8600715CC8 /* Debug */,
				F95F26F6147DCE8600715CC8 /* Release */,
			);
			defaultConfigurationIsVisible = 0;
			defaultConfigurationName = Release;
		};
		F95F26F7147DCE8600715CC8 /* Build configuration list for PBXNativeTarget "SCFacebook" */ = {
			isa = XCConfigurationList;
			buildConfigurations = (
				F95F26F8147DCE8600715CC8 /* Debug */,
				F95F26F9147DCE8600715CC8 /* Release */,
			);
			defaultConfigurationIsVisible = 0;
			defaultConfigurationName = Release;
		};
/* End XCConfigurationList section */
	};
	rootObject = F95F26D0147DCE8500715CC8 /* Project object */;
}
